
Microsoft Visual Studio Solution File, Format Version 12.00
# Visual Studio Version 16
VisualStudioVersion = 16.0.31829.152
MinimumVisualStudioVersion = 10.0.40219.1
Project("{FAE04EC0-301F-11D3-BF4B-00C04F79EFBC}") = "MCD_KapsüllemeNedir", "MCD_KapsüllemeNedir\MCD_KapsüllemeNedir.csproj", "{BE5DB6CA-39E4-42F4-A552-C896717A209D}"
EndProject
Global
	GlobalSection(SolutionConfigurationPlatforms) = preSolution
		Debug|Any CPU = Debug|Any CPU
		Release|Any CPU = Release|Any CPU
	EndGlobalSection
	GlobalSection(ProjectConfigurationPlatforms) = postSolution
		{BE5DB6CA-39E4-42F4-A552-C896717A209D}.Debug|Any CPU.ActiveCfg = Debug|Any CPU
		{BE5DB6CA-39E4-42F4-A552-C896717A209D}.Debug|Any CPU.Build.0 = Debug|Any CPU
		{BE5DB6CA-39E4-42F4-A552-C896717A209D}.Release|Any CPU.ActiveCfg = Release|Any CPU
		{BE5DB6CA-39E4-42F4-A552-C896717A209D}.Release|Any CPU.Build.0 = Release|Any CPU
	EndGlobalSection
	GlobalSection(SolutionProperties) = preSolution
		HideSolutionNode = FALSE
	EndGlobalSection
	GlobalSection(ExtensibilityGlobals) = postSolution
		SolutionGuid = {40D07EAA-CE33-4B1A-AC78-77F7AD4EBDA9}
	EndGlobalSection
EndGlobal
